// !$*UTF8*$!
{
	archiveVersion = 1;
	classes = {
	};
	objectVersion = 46;
	objects = {

/* Begin PBXBuildFile section */
		3A2D9068197AADFA00206995 /* AppDelegate.swift in Sources */ = {isa = PBXBuildFile; fileRef = 3A2D9067197AADFA00206995 /* AppDelegate.swift */; };
		3A2D906A197AADFA00206995 /* ViewController.swift in Sources */ = {isa = PBXBuildFile; fileRef = 3A2D9069197AADFA00206995 /* ViewController.swift */; };
		3A2D906D197AADFA00206995 /* Main.storyboard in Resources */ = {isa = PBXBuildFile; fileRef = 3A2D906B197AADFA00206995 /* Main.storyboard */; };
		3A2D906F197AADFA00206995 /* Images.xcassets in Resources */ = {isa = PBXBuildFile; fileRef = 3A2D906E197AADFA00206995 /* Images.xcassets */; };
		3A2D907B197AADFA00206995 /* fractalTests.swift in Sources */ = {isa = PBXBuildFile; fileRef = 3A2D907A197AADFA00206995 /* fractalTests.swift */; };
/* End PBXBuildFile section */

/* Begin PBXContainerItemProxy section */
		3A2D9075197AADFA00206995 /* PBXContainerItemProxy */ = {
			isa = PBXContainerItemProxy;
			containerPortal = 3A2D905A197AADFA00206995 /* Project object */;
			proxyType = 1;
			remoteGlobalIDString = 3A2D9061197AADFA00206995;
			remoteInfo = fractal;
		};
/* End PBXContainerItemProxy section */

/* Begin PBXFileReference section */
		3A2D9062197AADFA00206995 /* fractal.app */ = {isa = PBXFileReference; explicitFileType = wrapper.application; includeInIndex = 0; path = fractal.app; sourceTree = BUILT_PRODUCTS_DIR; };
		3A2D9066197AADFA00206995 /* Info.plist */ = {isa = PBXFileReference; lastKnownFileType = text.plist.xml; path = Info.plist; sourceTree = "<group>"; };
		3A2D9067197AADFA00206995 /* AppDelegate.swift */ = {isa = PBXFileReference; lastKnownFileType = sourcecode.swift; path = AppDelegate.swift; sourceTree = "<group>"; };
		3A2D9069197AADFA00206995 /* ViewController.swift */ = {isa = PBXFileReference; lastKnownFileType = sourcecode.swift; path = ViewController.swift; sourceTree = "<group>"; };
		3A2D906C197AADFA00206995 /* Base */ = {isa = PBXFileReference; lastKnownFileType = file.storyboard; name = Base; path = Base.lproj/Main.storyboard; sourceTree = "<group>"; };
		3A2D906E197AADFA00206995 /* Images.xcassets */ = {isa = PBXFileReference; lastKnownFileType = folder.assetcatalog; path = Images.xcassets; sourceTree = "<group>"; };
		3A2D9074197AADFA00206995 /* fractalTests.xctest */ = {isa = PBXFileReference; explicitFileType = wrapper.cfbundle; includeInIndex = 0; path = fractalTests.xctest; sourceTree = BUILT_PRODUCTS_DIR; };
		3A2D9079197AADFA00206995 /* Info.plist */ = {isa = PBXFileReference; lastKnownFileType = text.plist.xml; path = Info.plist; sourceTree = "<group>"; };
		3A2D907A197AADFA00206995 /* fractalTests.swift */ = {isa = PBXFileReference; lastKnownFileType = sourcecode.swift; path = fractalTests.swift; sourceTree = "<group>"; };
/* End PBXFileReference section */

/* Begin PBXFrameworksBuildPhase section */
		3A2D905F197AADFA00206995 /* Frameworks */ = {
			isa = PBXFrameworksBuildPhase;
			buildActionMask = 2147483647;
			files = (
			);
			runOnlyForDeploymentPostprocessing = 0;
		};
		3A2D9071197AADFA00206995 /* Frameworks */ = {
			isa = PBXFrameworksBuildPhase;
			buildActionMask = 2147483647;
			files = (
			);
			runOnlyForDeploymentPostprocessing = 0;
		};
/* End PBXFrameworksBuildPhase section */

/* Begin PBXGroup section */
		3A2D9059197AADFA00206995 = {
			isa = PBXGroup;
			children = (
				3A2D9064197AADFA00206995 /* fractal */,
				3A2D9077197AADFA00206995 /* fractalTests */,
				3A2D9063197AADFA00206995 /* Products */,
			);
			sourceTree = "<group>";
		};
		3A2D9063197AADFA00206995 /* Products */ = {
			isa = PBXGroup;
			children = (
				3A2D9062197AADFA00206995 /* fractal.app */,
				3A2D9074197AADFA00206995 /* fractalTests.xctest */,
			);
			name = Products;
			sourceTree = "<group>";
		};
		3A2D9064197AADFA00206995 /* fractal */ = {
			isa = PBXGroup;
			children = (
				3A2D9067197AADFA00206995 /* AppDelegate.swift */,
				3A2D9069197AADFA00206995 /* ViewController.swift */,
				3A2D906B197AADFA00206995 /* Main.storyboard */,
				3A2D906E197AADFA00206995 /* Images.xcassets */,
				3A2D9065197AADFA00206995 /* Supporting Files */,
			);
			path = fractal;
			sourceTree = "<group>";
		};
		3A2D9065197AADFA00206995 /* Supporting Files */ = {
			isa = PBXGroup;
			children = (
				3A2D9066197AADFA00206995 /* Info.plist */,
			);
			name = "Supporting Files";
			sourceTree = "<group>";
		};
		3A2D9077197AADFA00206995 /* fractalTests */ = {
			isa = PBXGroup;
			children = (
				3A2D907A197AADFA00206995 /* fractalTests.swift */,
				3A2D9078197AADFA00206995 /* Supporting Files */,
			);
			path = fractalTests;
			sourceTree = "<group>";
		};
		3A2D9078197AADFA00206995 /* Supporting Files */ = {
			isa = PBXGroup;
			children = (
				3A2D9079197AADFA00206995 /* Info.plist */,
			);
			name = "Supporting Files";
			sourceTree = "<group>";
		};
/* End PBXGroup section */

/* Begin PBXNativeTarget section */
		3A2D9061197AADFA00206995 /* fractal */ = {
			isa = PBXNativeTarget;
			buildConfigurationList = 3A2D907E197AADFA00206995 /* Build configuration list for PBXNativeTarget "fractal" */;
			buildPhases = (
				3A2D905E197AADFA00206995 /* Sources */,
				3A2D905F197AADFA00206995 /* Frameworks */,
				3A2D9060197AADFA00206995 /* Resources */,
			);
			buildRules = (
			);
			dependencies = (
			);
			name = fractal;
			productName = fractal;
			productReference = 3A2D9062197AADFA00206995 /* fractal.app */;
			productType = "com.apple.product-type.application";
		};
		3A2D9073197AADFA00206995 /* fractalTests */ = {
			isa = PBXNativeTarget;
			buildConfigurationList = 3A2D9081197AADFA00206995 /* Build configuration list for PBXNativeTarget "fractalTests" */;
			buildPhases = (
				3A2D9070197AADFA00206995 /* Sources */,
				3A2D9071197AADFA00206995 /* Frameworks */,
				3A2D9072197AADFA00206995 /* Resources */,
			);
			buildRules = (
			);
			dependencies = (
				3A2D9076197AADFA00206995 /* PBXTargetDependency */,
			);
			name = fractalTests;
			productName = fractalTests;
			productReference = 3A2D9074197AADFA00206995 /* fractalTests.xctest */;
			productType = "com.apple.product-type.bundle.unit-test";
		};
/* End PBXNativeTarget section */

/* Begin PBXProject section */
		3A2D905A197AADFA00206995 /* Project object */ = {
			isa = PBXProject;
			attributes = {
				LastUpgradeCheck = 0600;
				ORGANIZATIONNAME = drewherbst;
				TargetAttributes = {
					3A2D9061197AADFA00206995 = {
						CreatedOnToolsVersion = 6.0;
					};
					3A2D9073197AADFA00206995 = {
						CreatedOnToolsVersion = 6.0;
						TestTargetID = 3A2D9061197AADFA00206995;
					};
				};
			};
			buildConfigurationList = 3A2D905D197AADFA00206995 /* Build configuration list for PBXProject "fractal" */;
			compatibilityVersion = "Xcode 3.2";
			developmentRegion = English;
			hasScannedForEncodings = 0;
			knownRegions = (
				en,
				Base,
			);
			mainGroup = 3A2D9059197AADFA00206995;
			productRefGroup = 3A2D9063197AADFA00206995 /* Products */;
			projectDirPath = "";
			projectRoot = "";
			targets = (
				3A2D9061197AADFA00206995 /* fractal */,
				3A2D9073197AADFA00206995 /* fractalTests */,
			);
		};
/* End PBXProject section */

/* Begin PBXResourcesBuildPhase section */
		3A2D9060197AADFA00206995 /* Resources */ = {
			isa = PBXResourcesBuildPhase;
			buildActionMask = 2147483647;
			files = (
				3A2D906D197AADFA00206995 /* Main.storyboard in Resources */,
				3A2D906F197AADFA00206995 /* Images.xcassets in Resources */,
			);
			runOnlyForDeploymentPostprocessing = 0;
		};
		3A2D9072197AADFA00206995 /* Resources */ = {
			isa = PBXResourcesBuildPhase;
			buildActionMask = 2147483647;
			files = (
			);
			runOnlyForDeploymentPostprocessing = 0;
		};
/* End PBXResourcesBuildPhase section */

/* Begin PBXSourcesBuildPhase section */
		3A2D905E197AADFA00206995 /* Sources */ = {
			isa = PBXSourcesBuildPhase;
			buildActionMask = 2147483647;
			files = (
				3A2D906A197AADFA00206995 /* ViewController.swift in Sources */,
				3A2D9068197AADFA00206995 /* AppDelegate.swift in Sources */,
			);
			runOnlyForDeploymentPostprocessing = 0;
		};
		3A2D9070197AADFA00206995 /* Sources */ = {
			isa = PBXSourcesBuildPhase;
			buildActionMask = 2147483647;
			files = (
				3A2D907B197AADFA00206995 /* fractalTests.swift in Sources */,
			);
			runOnlyForDeploymentPostprocessing = 0;
		};
/* End PBXSourcesBuildPhase section */

/* Begin PBXTargetDependency section */
		3A2D9076197AADFA00206995 /* PBXTargetDependency */ = {
			isa = PBXTargetDependency;
			target = 3A2D9061197AADFA00206995 /* fractal */;
			targetProxy = 3A2D9075197AADFA00206995 /* PBXContainerItemProxy */;
		};
/* End PBXTargetDependency section */

/* Begin PBXVariantGroup section */
		3A2D906B197AADFA00206995 /* Main.storyboard */ = {
			isa = PBXVariantGroup;
			children = (
				3A2D906C197AADFA00206995 /* Base */,
			);
			name = Main.storyboard;
			sourceTree = "<group>";
		};
/* End PBXVariantGroup section */

/* Begin XCBuildConfiguration section */
		3A2D907C197AADFA00206995 /* Debug */ = {
			isa = XCBuildConfiguration;
			buildSettings = {
				ALWAYS_SEARCH_USER_PATHS = NO;
				CLANG_CXX_LANGUAGE_STANDARD = "gnu++0x";
				CLANG_CXX_LIBRARY = "libc++";
				CLANG_ENABLE_MODULES = YES;
				CLANG_ENABLE_OBJC_ARC = YES;
				CLANG_WARN_BOOL_CONVERSION = YES;
				CLANG_WARN_CONSTANT_CONVERSION = YES;
				CLANG_WARN_DIRECT_OBJC_ISA_USAGE = YES_ERROR;
				CLANG_WARN_EMPTY_BODY = YES;
				CLANG_WARN_ENUM_CONVERSION = YES;
				CLANG_WARN_INT_CONVERSION = YES;
				CLANG_WARN_OBJC_ROOT_CLASS = YES_ERROR;
				CLANG_WARN_UNREACHABLE_CODE = YES;
				CLANG_WARN__DUPLICATE_METHOD_MATCH = YES;
				"CODE_SIGN_IDENTITY[sdk=iphoneos*]" = "iPhone Developer";
				COPY_PHASE_STRIP = NO;
				ENABLE_STRICT_OBJC_MSGSEND = YES;
				GCC_C_LANGUAGE_STANDARD = gnu99;
				GCC_DYNAMIC_NO_PIC = NO;
				GCC_OPTIMIZATION_LEVEL = 0;
				GCC_PREPROCESSOR_DEFINITIONS = (
					"DEBUG=1",
					"$(inherited)",
				);
				GCC_SYMBOLS_PRIVATE_EXTERN = NO;
				GCC_WARN_64_TO_32_BIT_CONVERSION = YES;
				GCC_WARN_ABOUT_RETURN_TYPE = YES_ERROR;
				GCC_WARN_UNDECLARED_SELECTOR = YES;
				GCC_WARN_UNINITIALIZED_AUTOS = YES_AGGRESSIVE;
				GCC_WARN_UNUSED_FUNCTION = YES;
				GCC_WARN_UNUSED_VARIABLE = YES;
				IPHONEOS_DEPLOYMENT_TARGET = 8.0;
				METAL_ENABLE_DEBUG_INFO = YES;
				ONLY_ACTIVE_ARCH = YES;
				SDKROOT = iphoneos;
				SWIFT_OPTIMIZATION_LEVEL = "-Onone";
			};
			name = Debug;
		};
		3A2D907D197AADFA00206995 /* Release */ = {
			isa = XCBuildConfiguration;
			buildSettings = {
				ALWAYS_SEARCH_USER_PATHS = NO;
				CLANG_CXX_LANGUAGE_STANDARD = "gnu++0x";
				CLANG_CXX_LIBRARY = "libc++";
				CLANG_ENABLE_MODULES = YES;
				CLANG_ENABLE_OBJC_ARC = YES;
				CLANG_WARN_BOOL_CONVERSION = YES;
				CLANG_WARN_CONSTANT_CONVERSION = YES;
				CLANG_WARN_DIRECT_OBJC_ISA_USAGE = YES_ERROR;
				CLANG_WARN_EMPTY_BODY = YES;
				CLANG_WARN_ENUM_CONVERSION = YES;
				CLANG_WARN_INT_CONVERSION = YES;
				CLANG_WARN_OBJC_ROOT_CLASS = YES_ERROR;
				CLANG_WARN_UNREACHABLE_CODE = YES;
				CLANG_WARN__DUPLICATE_METHOD_MATCH = YES;
				"CODE_SIGN_IDENTITY[sdk=iphoneos*]" = "iPhone Developer";
				COPY_PHASE_STRIP = YES;
				ENABLE_NS_ASSERTIONS = NO;
				ENABLE_STRICT_OBJC_MSGSEND = YES;
				GCC_C_LANGUAGE_STANDARD = gnu99;
				GCC_WARN_64_TO_32_BIT_CONVERSION = YES;
				GCC_WARN_ABOUT_RETURN_TYPE = YES_ERROR;
				GCC_WARN_UNDECLARED_SELECTOR = YES;
				GCC_WARN_UNINITIALIZED_AUTOS = YES_AGGRESSIVE;
				GCC_WARN_UNUSED_FUNCTION = YES;
				GCC_WARN_UNUSED_VARIABLE = YES;
				IPHONEOS_DEPLOYMENT_TARGET = 8.0;
				METAL_ENABLE_DEBUG_INFO = NO;
				SDKROOT = iphoneos;
				VALIDATE_PRODUCT = YES;
			};
			name = Release;
		};
		3A2D907F197AADFA00206995 /* Debug */ = {
			isa = XCBuildConfiguration;
			buildSettings = {
				ASSETCATALOG_COMPILER_APPICON_NAME = AppIcon;
				ASSETCATALOG_COMPILER_LAUNCHIMAGE_NAME = LaunchImage;
				INFOPLIST_FILE = fractal/Info.plist;
				LD_RUNPATH_SEARCH_PATHS = "$(inherited) @executable_path/Frameworks";
				PRODUCT_NAME = "$(TARGET_NAME)";
			};
			name = Debug;
		};
		3A2D9080197AADFA00206995 /* Release */ = {
			isa = XCBuildConfiguration;
			buildSettings = {
				ASSETCATALOG_COMPILER_APPICON_NAME = AppIcon;
				ASSETCATALOG_COMPILER_LAUNCHIMAGE_NAME = LaunchImage;
				INFOPLIST_FILE = fractal/Info.plist;
				LD_RUNPATH_SEARCH_PATHS = "$(inherited) @executable_path/Frameworks";
				PRODUCT_NAME = "$(TARGET_NAME)";
			};
			name = Release;
		};
		3A2D9082197AADFA00206995 /* Debug */ = {
			isa = XCBuildConfiguration;
			buildSettings = {
				BUNDLE_LOADER = "$(BUILT_PRODUCTS_DIR)/fractal.app/fractal";
				FRAMEWORK_SEARCH_PATHS = (
					"$(SDKROOT)/Developer/Library/Frameworks",
					"$(inherited)",
				);
				GCC_PREPROCESSOR_DEFINITIONS = (
					"DEBUG=1",
					"$(inherited)",
				);
				INFOPLIST_FILE = fractalTests/Info.plist;
				LD_RUNPATH_SEARCH_PATHS = "$(inherited) @executable_path/Frameworks @loader_path/Frameworks";
				METAL_ENABLE_DEBUG_INFO = YES;
				PRODUCT_NAME = "$(TARGET_NAME)";
				TEST_HOST = "$(BUNDLE_LOADER)";
			};
			name = Debug;
		};
		3A2D9083197AADFA00206995 /* Release */ = {
			isa = XCBuildConfiguration;
			buildSettings = {
				BUNDLE_LOADER = "$(BUILT_PRODUCTS_DIR)/fractal.app/fractal";
				FRAMEWORK_SEARCH_PATHS = (
					"$(SDKROOT)/Developer/Library/Frameworks",
					"$(inherited)",
				);
				INFOPLIST_FILE = fractalTests/Info.plist;
				LD_RUNPATH_SEARCH_PATHS = "$(inherited) @executable_path/Frameworks @loader_path/Frameworks";
				METAL_ENABLE_DEBUG_INFO = NO;
				PRODUCT_NAME = "$(TARGET_NAME)";
				TEST_HOST = "$(BUNDLE_LOADER)";
			};
			name = Release;
		};
/* End XCBuildConfiguration section */

/* Begin XCConfigurationList section */
		3A2D905D197AADFA00206995 /* Build configuration list for PBXProject "fractal" */ = {
			isa = XCConfigurationList;
			buildConfigurations = (
				3A2D907C197AADFA00206995 /* Debug */,
				3A2D907D197AADFA00206995 /* Release */,
			);
			defaultConfigurationIsVisible = 0;
			defaultConfigurationName = Release;
		};
		3A2D907E197AADFA00206995 /* Build configuration list for PBXNativeTarget "fractal" */ = {
			isa = XCConfigurationList;
			buildConfigurations = (
				3A2D907F197AADFA00206995 /* Debug */,
				3A2D9080197AADFA00206995 /* Release */,
			);
			defaultConfigurationIsVisible = 0;
		};
		3A2D9081197AADFA00206995 /* Build configuration list for PBXNativeTarget "fractalTests" */ = {
			isa = XCConfigurationList;
			buildConfigurations = (
				3A2D9082197AADFA00206995 /* Debug */,
				3A2D9083197AADFA00206995 /* Release */,
			);
			defaultConfigurationIsVisible = 0;
		};
/* End XCConfigurationList section */
	};
	rootObject = 3A2D905A197AADFA00206995 /* Project object */;
}
